{
  "requires": true,
  "lockfileVersion": 1,
  "dependencies": {
    "uglify-js": {
      "version": "3.14.0",
      "resolved": "https://registry.npmjs.org/uglify-js/-/uglify-js-3.14.0.tgz",
      "integrity": "sha512-R/tiGB1ZXp2BC+TkRGLwj8xUZgdfT2f4UZEgX6aVjJ5uttPrr4fYmwTWDGqVnBCLbOXRMY6nr/BTbwCtVfps0g=="
    }
  }
}
